{
  "name": "projet-robot-pompier",
  "lockfileVersion": 3,
  "requires": true,
  "packages": {
    "": {
      "devDependencies": {
        "@types/pathfinding": "^0.0.9"
      }
    },
    "node_modules/@types/pathfinding": {
      "version": "0.0.9",
      "resolved": "https://registry.npmjs.org/@types/pathfinding/-/pathfinding-0.0.9.tgz",
      "integrity": "sha512-b7tf4+gVc8+sRETzJ7pCeqhknQ9XVgYqbH5+ekcHmO5Hf/fy9BTBzSstE9mcOQc81Y0qITda8tF/UsN3huIMwg==",
      "dev": true
    }
  }
}
